
Microsoft Visual Studio Solution File, Format Version 12.00
# Visual Studio Version 17
VisualStudioVersion = 17.3.32929.385
MinimumVisualStudioVersion = 10.0.40219.1
Project("{FAE04EC0-301F-11D3-BF4B-00C04F79EFBC}") = "LeaveManagement", "LeaveManagement.csproj", "{53B8760A-A5CC-46A3-A154-13D4A40518F2}"
EndProject
Global
	GlobalSection(SolutionConfigurationPlatforms) = preSolution
		Debug|Any CPU = Debug|Any CPU
		Release|Any CPU = Release|Any CPU
	EndGlobalSection
	GlobalSection(ProjectConfigurationPlatforms) = postSolution
		{53B8760A-A5CC-46A3-A154-13D4A40518F2}.Debug|Any CPU.ActiveCfg = Debug|Any CPU
		{53B8760A-A5CC-46A3-A154-13D4A40518F2}.Debug|Any CPU.Build.0 = Debug|Any CPU
		{53B8760A-A5CC-46A3-A154-13D4A40518F2}.Release|Any CPU.ActiveCfg = Release|Any CPU
		{53B8760A-A5CC-46A3-A154-13D4A40518F2}.Release|Any CPU.Build.0 = Release|Any CPU
	EndGlobalSection
	GlobalSection(SolutionProperties) = preSolution
		HideSolutionNode = FALSE
	EndGlobalSection
	GlobalSection(ExtensibilityGlobals) = postSolution
		SolutionGuid = {C7875F59-44EA-4779-9ADF-D5FA00F7B172}
	EndGlobalSection
EndGlobal
